// !$*UTF8*$!
{
	archiveVersion = 1;
	classes = {
	};
	objectVersion = 46;
	objects = {

/* Begin PBXBuildFile section */
		28E6AD211EFB50F000A7D92A /* main.m in Sources */ = {isa = PBXBuildFile; fileRef = 28E6AD201EFB50F000A7D92A /* main.m */; };
		28E6AD241EFB50F000A7D92A /* AppDelegate.m in Sources */ = {isa = PBXBuildFile; fileRef = 28E6AD231EFB50F000A7D92A /* AppDelegate.m */; };
		28E6AD271EFB50F000A7D92A /* ViewController.m in Sources */ = {isa = PBXBuildFile; fileRef = 28E6AD261EFB50F000A7D92A /* ViewController.m */; };
		28E6AD2A1EFB50F000A7D92A /* Main.storyboard in Resources */ = {isa = PBXBuildFile; fileRef = 28E6AD281EFB50F000A7D92A /* Main.storyboard */; };
		28E6AD2C1EFB50F000A7D92A /* Assets.xcassets in Resources */ = {isa = PBXBuildFile; fileRef = 28E6AD2B1EFB50F000A7D92A /* Assets.xcassets */; };
		28E6AD2F1EFB50F000A7D92A /* LaunchScreen.storyboard in Resources */ = {isa = PBXBuildFile; fileRef = 28E6AD2D1EFB50F000A7D92A /* LaunchScreen.storyboard */; };
/* End PBXBuildFile section */

/* Begin PBXFileReference section */
		28E6AD1C1EFB50F000A7D92A /* Patterns_4_Builder.app */ = {isa = PBXFileReference; explicitFileType = wrapper.application; includeInIndex = 0; path = Patterns_4_Builder.app; sourceTree = BUILT_PRODUCTS_DIR; };
		28E6AD201EFB50F000A7D92A /* main.m */ = {isa = PBXFileReference; lastKnownFileType = sourcecode.c.objc; path = main.m; sourceTree = "<group>"; };
		28E6AD221EFB50F000A7D92A /* AppDelegate.h */ = {isa = PBXFileReference; lastKnownFileType = sourcecode.c.h; path = AppDelegate.h; sourceTree = "<group>"; };
		28E6AD231EFB50F000A7D92A /* AppDelegate.m */ = {isa = PBXFileReference; lastKnownFileType = sourcecode.c.objc; path = AppDelegate.m; sourceTree = "<group>"; };
		28E6AD251EFB50F000A7D92A /* ViewController.h */ = {isa = PBXFileReference; lastKnownFileType = sourcecode.c.h; path = ViewController.h; sourceTree = "<group>"; };
		28E6AD261EFB50F000A7D92A /* ViewController.m */ = {isa = PBXFileReference; lastKnownFileType = sourcecode.c.objc; path = ViewController.m; sourceTree = "<group>"; };
		28E6AD291EFB50F000A7D92A /* Base */ = {isa = PBXFileReference; lastKnownFileType = file.storyboard; name = Base; path = Base.lproj/Main.storyboard; sourceTree = "<group>"; };
		28E6AD2B1EFB50F000A7D92A /* Assets.xcassets */ = {isa = PBXFileReference; lastKnownFileType = folder.assetcatalog; path = Assets.xcassets; sourceTree = "<group>"; };
		28E6AD2E1EFB50F000A7D92A /* Base */ = {isa = PBXFileReference; lastKnownFileType = file.storyboard; name = Base; path = Base.lproj/LaunchScreen.storyboard; sourceTree = "<group>"; };
		28E6AD301EFB50F000A7D92A /* Info.plist */ = {isa = PBXFileReference; lastKnownFileType = text.plist.xml; path = Info.plist; sourceTree = "<group>"; };
/* End PBXFileReference section */

/* Begin PBXFrameworksBuildPhase section */
		28E6AD191EFB50F000A7D92A /* Frameworks */ = {
			isa = PBXFrameworksBuildPhase;
			buildActionMask = 2147483647;
			files = (
			);
			runOnlyForDeploymentPostprocessing = 0;
		};
/* End PBXFrameworksBuildPhase section */

/* Begin PBXGroup section */
		28E6AD131EFB50F000A7D92A = {
			isa = PBXGroup;
			children = (
				28E6AD1E1EFB50F000A7D92A /* Patterns_4_Builder */,
				28E6AD1D1EFB50F000A7D92A /* Products */,
			);
			sourceTree = "<group>";
		};
		28E6AD1D1EFB50F000A7D92A /* Products */ = {
			isa = PBXGroup;
			children = (
				28E6AD1C1EFB50F000A7D92A /* Patterns_4_Builder.app */,
			);
			name = Products;
			sourceTree = "<group>";
		};
		28E6AD1E1EFB50F000A7D92A /* Patterns_4_Builder */ = {
			isa = PBXGroup;
			children = (
				28E6AD221EFB50F000A7D92A /* AppDelegate.h */,
				28E6AD231EFB50F000A7D92A /* AppDelegate.m */,
				28E6AD251EFB50F000A7D92A /* ViewController.h */,
				28E6AD261EFB50F000A7D92A /* ViewController.m */,
				28E6AD281EFB50F000A7D92A /* Main.storyboard */,
				28E6AD2B1EFB50F000A7D92A /* Assets.xcassets */,
				28E6AD2D1EFB50F000A7D92A /* LaunchScreen.storyboard */,
				28E6AD301EFB50F000A7D92A /* Info.plist */,
				28E6AD1F1EFB50F000A7D92A /* Supporting Files */,
			);
			path = Patterns_4_Builder;
			sourceTree = "<group>";
		};
		28E6AD1F1EFB50F000A7D92A /* Supporting Files */ = {
			isa = PBXGroup;
			children = (
				28E6AD201EFB50F000A7D92A /* main.m */,
			);
			name = "Supporting Files";
			sourceTree = "<group>";
		};
/* End PBXGroup section */

/* Begin PBXNativeTarget section */
		28E6AD1B1EFB50F000A7D92A /* Patterns_4_Builder */ = {
			isa = PBXNativeTarget;
			buildConfigurationList = 28E6AD331EFB50F000A7D92A /* Build configuration list for PBXNativeTarget "Patterns_4_Builder" */;
			buildPhases = (
				28E6AD181EFB50F000A7D92A /* Sources */,
				28E6AD191EFB50F000A7D92A /* Frameworks */,
				28E6AD1A1EFB50F000A7D92A /* Resources */,
			);
			buildRules = (
			);
			dependencies = (
			);
			name = Patterns_4_Builder;
			productName = Patterns_4_Builder;
			productReference = 28E6AD1C1EFB50F000A7D92A /* Patterns_4_Builder.app */;
			productType = "com.apple.product-type.application";
		};
/* End PBXNativeTarget section */

/* Begin PBXProject section */
		28E6AD141EFB50F000A7D92A /* Project object */ = {
			isa = PBXProject;
			attributes = {
				LastUpgradeCheck = 0830;
				ORGANIZATIONNAME = "Алмакаев Ильяс";
				TargetAttributes = {
					28E6AD1B1EFB50F000A7D92A = {
						CreatedOnToolsVersion = 8.3.3;
						DevelopmentTeam = Z22AZT98DV;
						ProvisioningStyle = Automatic;
					};
				};
			};
			buildConfigurationList = 28E6AD171EFB50F000A7D92A /* Build configuration list for PBXProject "Patterns_4_Builder" */;
			compatibilityVersion = "Xcode 3.2";
			developmentRegion = English;
			hasScannedForEncodings = 0;
			knownRegions = (
				en,
				Base,
			);
			mainGroup = 28E6AD131EFB50F000A7D92A;
			productRefGroup = 28E6AD1D1EFB50F000A7D92A /* Products */;
			projectDirPath = "";
			projectRoot = "";
			targets = (
				28E6AD1B1EFB50F000A7D92A /* Patterns_4_Builder */,
			);
		};
/* End PBXProject section */

/* Begin PBXResourcesBuildPhase section */
		28E6AD1A1EFB50F000A7D92A /* Resources */ = {
			isa = PBXResourcesBuildPhase;
			buildActionMask = 2147483647;
			files = (
				28E6AD2F1EFB50F000A7D92A /* LaunchScreen.storyboard in Resources */,
				28E6AD2C1EFB50F000A7D92A /* Assets.xcassets in Resources */,
				28E6AD2A1EFB50F000A7D92A /* Main.storyboard in Resources */,
			);
			runOnlyForDeploymentPostprocessing = 0;
		};
/* End PBXResourcesBuildPhase section */

/* Begin PBXSourcesBuildPhase section */
		28E6AD181EFB50F000A7D92A /* Sources */ = {
			isa = PBXSourcesBuildPhase;
			buildActionMask = 2147483647;
			files = (
				28E6AD271EFB50F000A7D92A /* ViewController.m in Sources */,
				28E6AD241EFB50F000A7D92A /* AppDelegate.m in Sources */,
				28E6AD211EFB50F000A7D92A /* main.m in Sources */,
			);
			runOnlyForDeploymentPostprocessing = 0;
		};
/* End PBXSourcesBuildPhase section */

/* Begin PBXVariantGroup section */
		28E6AD281EFB50F000A7D92A /* Main.storyboard */ = {
			isa = PBXVariantGroup;
			children = (
				28E6AD291EFB50F000A7D92A /* Base */,
			);
			name = Main.storyboard;
			sourceTree = "<group>";
		};
		28E6AD2D1EFB50F000A7D92A /* LaunchScreen.storyboard */ = {
			isa = PBXVariantGroup;
			children = (
				28E6AD2E1EFB50F000A7D92A /* Base */,
			);
			name = LaunchScreen.storyboard;
			sourceTree = "<group>";
		};
/* End PBXVariantGroup section */

/* Begin XCBuildConfiguration section */
		28E6AD311EFB50F000A7D92A /* Debug */ = {
			isa = XCBuildConfiguration;
			buildSettings = {
				ALWAYS_SEARCH_USER_PATHS = NO;
				CLANG_ANALYZER_NONNULL = YES;
				CLANG_ANALYZER_NUMBER_OBJECT_CONVERSION = YES_AGGRESSIVE;
				CLANG_CXX_LANGUAGE_STANDARD = "gnu++0x";
				CLANG_CXX_LIBRARY = "libc++";
				CLANG_ENABLE_MODULES = YES;
				CLANG_ENABLE_OBJC_ARC = YES;
				CLANG_WARN_BOOL_CONVERSION = YES;
				CLANG_WARN_CONSTANT_CONVERSION = YES;
				CLANG_WARN_DIRECT_OBJC_ISA_USAGE = YES_ERROR;
				CLANG_WARN_DOCUMENTATION_COMMENTS = YES;
				CLANG_WARN_EMPTY_BODY = YES;
				CLANG_WARN_ENUM_CONVERSION = YES;
				CLANG_WARN_INFINITE_RECURSION = YES;
				CLANG_WARN_INT_CONVERSION = YES;
				CLANG_WARN_OBJC_ROOT_CLASS = YES_ERROR;
				CLANG_WARN_SUSPICIOUS_MOVE = YES;
				CLANG_WARN_UNREACHABLE_CODE = YES;
				CLANG_WARN__DUPLICATE_METHOD_MATCH = YES;
				"CODE_SIGN_IDENTITY[sdk=iphoneos*]" = "iPhone Developer";
				COPY_PHASE_STRIP = NO;
				DEBUG_INFORMATION_FORMAT = dwarf;
				ENABLE_STRICT_OBJC_MSGSEND = YES;
				ENABLE_TESTABILITY = YES;
				GCC_C_LANGUAGE_STANDARD = gnu99;
				GCC_DYNAMIC_NO_PIC = NO;
				GCC_NO_COMMON_BLOCKS = YES;
				GCC_OPTIMIZATION_LEVEL = 0;
				GCC_PREPROCESSOR_DEFINITIONS = (
					"DEBUG=1",
					"$(inherited)",
				);
				GCC_WARN_64_TO_32_BIT_CONVERSION = YES;
				GCC_WARN_ABOUT_RETURN_TYPE = YES_ERROR;
				GCC_WARN_UNDECLARED_SELECTOR = YES;
				GCC_WARN_UNINITIALIZED_AUTOS = YES_AGGRESSIVE;
				GCC_WARN_UNUSED_FUNCTION = YES;
				GCC_WARN_UNUSED_VARIABLE = YES;
				IPHONEOS_DEPLOYMENT_TARGET = 10.3;
				MTL_ENABLE_DEBUG_INFO = YES;
				ONLY_ACTIVE_ARCH = YES;
				SDKROOT = iphoneos;
				TARGETED_DEVICE_FAMILY = "1,2";
			};
			name = Debug;
		};
		28E6AD321EFB50F000A7D92A /* Release */ = {
			isa = XCBuildConfiguration;
			buildSettings = {
				ALWAYS_SEARCH_USER_PATHS = NO;
				CLANG_ANALYZER_NONNULL = YES;
				CLANG_ANALYZER_NUMBER_OBJECT_CONVERSION = YES_AGGRESSIVE;
				CLANG_CXX_LANGUAGE_STANDARD = "gnu++0x";
				CLANG_CXX_LIBRARY = "libc++";
				CLANG_ENABLE_MODULES = YES;
				CLANG_ENABLE_OBJC_ARC = YES;
				CLANG_WARN_BOOL_CONVERSION = YES;
				CLANG_WARN_CONSTANT_CONVERSION = YES;
				CLANG_WARN_DIRECT_OBJC_ISA_USAGE = YES_ERROR;
				CLANG_WARN_DOCUMENTATION_COMMENTS = YES;
				CLANG_WARN_EMPTY_BODY = YES;
				CLANG_WARN_ENUM_CONVERSION = YES;
				CLANG_WARN_INFINITE_RECURSION = YES;
				CLANG_WARN_INT_CONVERSION = YES;
				CLANG_WARN_OBJC_ROOT_CLASS = YES_ERROR;
				CLANG_WARN_SUSPICIOUS_MOVE = YES;
				CLANG_WARN_UNREACHABLE_CODE = YES;
				CLANG_WARN__DUPLICATE_METHOD_MATCH = YES;
				"CODE_SIGN_IDENTITY[sdk=iphoneos*]" = "iPhone Developer";
				COPY_PHASE_STRIP = NO;
				DEBUG_INFORMATION_FORMAT = "dwarf-with-dsym";
				ENABLE_NS_ASSERTIONS = NO;
				ENABLE_STRICT_OBJC_MSGSEND = YES;
				GCC_C_LANGUAGE_STANDARD = gnu99;
				GCC_NO_COMMON_BLOCKS = YES;
				GCC_WARN_64_TO_32_BIT_CONVERSION = YES;
				GCC_WARN_ABOUT_RETURN_TYPE = YES_ERROR;
				GCC_WARN_UNDECLARED_SELECTOR = YES;
				GCC_WARN_UNINITIALIZED_AUTOS = YES_AGGRESSIVE;
				GCC_WARN_UNUSED_FUNCTION = YES;
				GCC_WARN_UNUSED_VARIABLE = YES;
				IPHONEOS_DEPLOYMENT_TARGET = 10.3;
				MTL_ENABLE_DEBUG_INFO = NO;
				SDKROOT = iphoneos;
				TARGETED_DEVICE_FAMILY = "1,2";
				VALIDATE_PRODUCT = YES;
			};
			name = Release;
		};
		28E6AD341EFB50F000A7D92A /* Debug */ = {
			isa = XCBuildConfiguration;
			buildSettings = {
				ASSETCATALOG_COMPILER_APPICON_NAME = AppIcon;
				DEVELOPMENT_TEAM = Z22AZT98DV;
				INFOPLIST_FILE = Patterns_4_Builder/Info.plist;
				LD_RUNPATH_SEARCH_PATHS = "$(inherited) @executable_path/Frameworks";
				PRODUCT_BUNDLE_IDENTIFIER = "AI.Patterns-4-Builder";
				PRODUCT_NAME = "$(TARGET_NAME)";
			};
			name = Debug;
		};
		28E6AD351EFB50F000A7D92A /* Release */ = {
			isa = XCBuildConfiguration;
			buildSettings = {
				ASSETCATALOG_COMPILER_APPICON_NAME = AppIcon;
				DEVELOPMENT_TEAM = Z22AZT98DV;
				INFOPLIST_FILE = Patterns_4_Builder/Info.plist;
				LD_RUNPATH_SEARCH_PATHS = "$(inherited) @executable_path/Frameworks";
				PRODUCT_BUNDLE_IDENTIFIER = "AI.Patterns-4-Builder";
				PRODUCT_NAME = "$(TARGET_NAME)";
			};
			name = Release;
		};
/* End XCBuildConfiguration section */

/* Begin XCConfigurationList section */
		28E6AD171EFB50F000A7D92A /* Build configuration list for PBXProject "Patterns_4_Builder" */ = {
			isa = XCConfigurationList;
			buildConfigurations = (
				28E6AD311EFB50F000A7D92A /* Debug */,
				28E6AD321EFB50F000A7D92A /* Release */,
			);
			defaultConfigurationIsVisible = 0;
			defaultConfigurationName = Release;
		};
		28E6AD331EFB50F000A7D92A /* Build configuration list for PBXNativeTarget "Patterns_4_Builder" */ = {
			isa = XCConfigurationList;
			buildConfigurations = (
				28E6AD341EFB50F000A7D92A /* Debug */,
				28E6AD351EFB50F000A7D92A /* Release */,
			);
			defaultConfigurationIsVisible = 0;
		};
/* End XCConfigurationList section */
	};
	rootObject = 28E6AD141EFB50F000A7D92A /* Project object */;
}
